// !$*UTF8*$!
{
	archiveVersion = 1;
	classes = {
	};
	objectVersion = 50;
	objects = {

/* Begin PBXBuildFile section */
		B8F8672C21F7F7AA003F6DE3 /* AppDelegate.swift in Sources */ = {isa = PBXBuildFile; fileRef = B8F8672B21F7F7AA003F6DE3 /* AppDelegate.swift */; };
		B8F8672E21F7F7AA003F6DE3 /* ViewController.swift in Sources */ = {isa = PBXBuildFile; fileRef = B8F8672D21F7F7AA003F6DE3 /* ViewController.swift */; };
		B8F8673121F7F7AA003F6DE3 /* Main.storyboard in Resources */ = {isa = PBXBuildFile; fileRef = B8F8672F21F7F7AA003F6DE3 /* Main.storyboard */; };
		B8F8673321F7F7AB003F6DE3 /* Assets.xcassets in Resources */ = {isa = PBXBuildFile; fileRef = B8F8673221F7F7AB003F6DE3 /* Assets.xcassets */; };
		B8F8673621F7F7AB003F6DE3 /* LaunchScreen.storyboard in Resources */ = {isa = PBXBuildFile; fileRef = B8F8673421F7F7AB003F6DE3 /* LaunchScreen.storyboard */; };
		B8F8674121F7F7AC003F6DE3 /* Mesh_ChatTests.swift in Sources */ = {isa = PBXBuildFile; fileRef = B8F8674021F7F7AC003F6DE3 /* Mesh_ChatTests.swift */; };
		B8F8675C21FA809A003F6DE3 /* BLEServer.swift in Sources */ = {isa = PBXBuildFile; fileRef = B8F8675B21FA809A003F6DE3 /* BLEServer.swift */; };
		B8F867B421FFCF96003F6DE3 /* DirectPeer.swift in Sources */ = {isa = PBXBuildFile; fileRef = B8F867B321FFCF96003F6DE3 /* DirectPeer.swift */; };
		DE32871C2205107C00749231 /* ChatViewController.swift in Sources */ = {isa = PBXBuildFile; fileRef = DE32871B2205107C00749231 /* ChatViewController.swift */; };
		DE32871E22051B4100749231 /* Message.swift in Sources */ = {isa = PBXBuildFile; fileRef = DE32871D22051B4100749231 /* Message.swift */; };
		DE3538C922038D3500BAC216 /* ConversationListViewController.swift in Sources */ = {isa = PBXBuildFile; fileRef = DE3538C822038D3500BAC216 /* ConversationListViewController.swift */; };
		F154BB0C220E5028001B8691 /* RDPLayerRemoteHost.m in Sources */ = {isa = PBXBuildFile; fileRef = F154BB05220E5028001B8691 /* RDPLayerRemoteHost.m */; };
		F154BB0D220E5028001B8691 /* crc32_simple.c in Sources */ = {isa = PBXBuildFile; fileRef = F154BB06220E5028001B8691 /* crc32_simple.c */; };
		F154BB0E220E5028001B8691 /* RDPLayer.m in Sources */ = {isa = PBXBuildFile; fileRef = F154BB07220E5028001B8691 /* RDPLayer.m */; };
		F154BB0F220E5028001B8691 /* RDPPacket.m in Sources */ = {isa = PBXBuildFile; fileRef = F154BB0A220E5028001B8691 /* RDPPacket.m */; };
		F89C362ABB93F5D96318C129 /* Pods_Mesh_Chat.framework in Frameworks */ = {isa = PBXBuildFile; fileRef = 5A945CA4A33CC393BD021D96 /* Pods_Mesh_Chat.framework */; };
		FF9DA485D1DF83BBDD7073A9 /* Pods_Mesh_ChatTests.framework in Frameworks */ = {isa = PBXBuildFile; fileRef = 53E25C2413A372375F6E3E49 /* Pods_Mesh_ChatTests.framework */; };
/* End PBXBuildFile section */

/* Begin PBXContainerItemProxy section */
		B8F8673D21F7F7AC003F6DE3 /* PBXContainerItemProxy */ = {
			isa = PBXContainerItemProxy;
			containerPortal = B8F8672021F7F7AA003F6DE3 /* Project object */;
			proxyType = 1;
			remoteGlobalIDString = B8F8672721F7F7AA003F6DE3;
			remoteInfo = "Mesh Chat";
		};
/* End PBXContainerItemProxy section */

/* Begin PBXFileReference section */
		08CAD1F9F6D16B823349908B /* Pods-Mesh Chat.release.xcconfig */ = {isa = PBXFileReference; includeInIndex = 1; lastKnownFileType = text.xcconfig; name = "Pods-Mesh Chat.release.xcconfig"; path = "Pods/Target Support Files/Pods-Mesh Chat/Pods-Mesh Chat.release.xcconfig"; sourceTree = "<group>"; };
		416BA20D16CB5CBE4BFC14BD /* Pods-Mesh ChatTests.release.xcconfig */ = {isa = PBXFileReference; includeInIndex = 1; lastKnownFileType = text.xcconfig; name = "Pods-Mesh ChatTests.release.xcconfig"; path = "Pods/Target Support Files/Pods-Mesh ChatTests/Pods-Mesh ChatTests.release.xcconfig"; sourceTree = "<group>"; };
		52A7614247B56F521660ED72 /* Pods-Mesh Chat.debug.xcconfig */ = {isa = PBXFileReference; includeInIndex = 1; lastKnownFileType = text.xcconfig; name = "Pods-Mesh Chat.debug.xcconfig"; path = "Pods/Target Support Files/Pods-Mesh Chat/Pods-Mesh Chat.debug.xcconfig"; sourceTree = "<group>"; };
		53E25C2413A372375F6E3E49 /* Pods_Mesh_ChatTests.framework */ = {isa = PBXFileReference; explicitFileType = wrapper.framework; includeInIndex = 0; path = Pods_Mesh_ChatTests.framework; sourceTree = BUILT_PRODUCTS_DIR; };
		5A945CA4A33CC393BD021D96 /* Pods_Mesh_Chat.framework */ = {isa = PBXFileReference; explicitFileType = wrapper.framework; includeInIndex = 0; path = Pods_Mesh_Chat.framework; sourceTree = BUILT_PRODUCTS_DIR; };
		B8F8672821F7F7AA003F6DE3 /* Mesh Chat.app */ = {isa = PBXFileReference; explicitFileType = wrapper.application; includeInIndex = 0; path = "Mesh Chat.app"; sourceTree = BUILT_PRODUCTS_DIR; };
		B8F8672B21F7F7AA003F6DE3 /* AppDelegate.swift */ = {isa = PBXFileReference; lastKnownFileType = sourcecode.swift; path = AppDelegate.swift; sourceTree = "<group>"; };
		B8F8672D21F7F7AA003F6DE3 /* ViewController.swift */ = {isa = PBXFileReference; lastKnownFileType = sourcecode.swift; path = ViewController.swift; sourceTree = "<group>"; };
		B8F8673021F7F7AA003F6DE3 /* Base */ = {isa = PBXFileReference; lastKnownFileType = file.storyboard; name = Base; path = Base.lproj/Main.storyboard; sourceTree = "<group>"; };
		B8F8673221F7F7AB003F6DE3 /* Assets.xcassets */ = {isa = PBXFileReference; lastKnownFileType = folder.assetcatalog; path = Assets.xcassets; sourceTree = "<group>"; };
		B8F8673521F7F7AB003F6DE3 /* Base */ = {isa = PBXFileReference; lastKnownFileType = file.storyboard; name = Base; path = Base.lproj/LaunchScreen.storyboard; sourceTree = "<group>"; };
		B8F8673721F7F7AB003F6DE3 /* Info.plist */ = {isa = PBXFileReference; lastKnownFileType = text.plist.xml; path = Info.plist; sourceTree = "<group>"; };
		B8F8673C21F7F7AC003F6DE3 /* Mesh ChatTests.xctest */ = {isa = PBXFileReference; explicitFileType = wrapper.cfbundle; includeInIndex = 0; path = "Mesh ChatTests.xctest"; sourceTree = BUILT_PRODUCTS_DIR; };
		B8F8674021F7F7AC003F6DE3 /* Mesh_ChatTests.swift */ = {isa = PBXFileReference; lastKnownFileType = sourcecode.swift; path = Mesh_ChatTests.swift; sourceTree = "<group>"; };
		B8F8674221F7F7AC003F6DE3 /* Info.plist */ = {isa = PBXFileReference; lastKnownFileType = text.plist.xml; path = Info.plist; sourceTree = "<group>"; };
		B8F8675B21FA809A003F6DE3 /* BLEServer.swift */ = {isa = PBXFileReference; lastKnownFileType = sourcecode.swift; path = BLEServer.swift; sourceTree = "<group>"; };
		B8F867B321FFCF96003F6DE3 /* DirectPeer.swift */ = {isa = PBXFileReference; lastKnownFileType = sourcecode.swift; path = DirectPeer.swift; sourceTree = "<group>"; };
		C10F850392BAA584E75700DD /* Pods-Mesh ChatTests.debug.xcconfig */ = {isa = PBXFileReference; includeInIndex = 1; lastKnownFileType = text.xcconfig; name = "Pods-Mesh ChatTests.debug.xcconfig"; path = "Pods/Target Support Files/Pods-Mesh ChatTests/Pods-Mesh ChatTests.debug.xcconfig"; sourceTree = "<group>"; };
		DE32871B2205107C00749231 /* ChatViewController.swift */ = {isa = PBXFileReference; lastKnownFileType = sourcecode.swift; path = ChatViewController.swift; sourceTree = "<group>"; };
		DE32871D22051B4100749231 /* Message.swift */ = {isa = PBXFileReference; lastKnownFileType = sourcecode.swift; path = Message.swift; sourceTree = "<group>"; };
		DE3538C822038D3500BAC216 /* ConversationListViewController.swift */ = {isa = PBXFileReference; lastKnownFileType = sourcecode.swift; path = ConversationListViewController.swift; sourceTree = "<group>"; };
		F154BB03220E5027001B8691 /* Mesh Chat-Bridging-Header.h */ = {isa = PBXFileReference; lastKnownFileType = sourcecode.c.h; path = "Mesh Chat-Bridging-Header.h"; sourceTree = "<group>"; };
		F154BB04220E5028001B8691 /* crc32_simple.h */ = {isa = PBXFileReference; fileEncoding = 4; lastKnownFileType = sourcecode.c.h; path = crc32_simple.h; sourceTree = "<group>"; };
		F154BB05220E5028001B8691 /* RDPLayerRemoteHost.m */ = {isa = PBXFileReference; fileEncoding = 4; lastKnownFileType = sourcecode.c.objc; path = RDPLayerRemoteHost.m; sourceTree = "<group>"; };
		F154BB06220E5028001B8691 /* crc32_simple.c */ = {isa = PBXFileReference; fileEncoding = 4; lastKnownFileType = sourcecode.c.c; path = crc32_simple.c; sourceTree = "<group>"; };
		F154BB07220E5028001B8691 /* RDPLayer.m */ = {isa = PBXFileReference; fileEncoding = 4; lastKnownFileType = sourcecode.c.objc; path = RDPLayer.m; sourceTree = "<group>"; };
		F154BB08220E5028001B8691 /* RDPLayer.h */ = {isa = PBXFileReference; fileEncoding = 4; lastKnownFileType = sourcecode.c.h; path = RDPLayer.h; sourceTree = "<group>"; };
		F154BB09220E5028001B8691 /* RDPPacket.h */ = {isa = PBXFileReference; fileEncoding = 4; lastKnownFileType = sourcecode.c.h; path = RDPPacket.h; sourceTree = "<group>"; };
		F154BB0A220E5028001B8691 /* RDPPacket.m */ = {isa = PBXFileReference; fileEncoding = 4; lastKnownFileType = sourcecode.c.objc; path = RDPPacket.m; sourceTree = "<group>"; };
		F154BB0B220E5028001B8691 /* RDPLayerRemoteHost.h */ = {isa = PBXFileReference; fileEncoding = 4; lastKnownFileType = sourcecode.c.h; path = RDPLayerRemoteHost.h; sourceTree = "<group>"; };
/* End PBXFileReference section */

/* Begin PBXFrameworksBuildPhase section */
		B8F8672521F7F7AA003F6DE3 /* Frameworks */ = {
			isa = PBXFrameworksBuildPhase;
			buildActionMask = 2147483647;
			files = (
				F89C362ABB93F5D96318C129 /* Pods_Mesh_Chat.framework in Frameworks */,
			);
			runOnlyForDeploymentPostprocessing = 0;
		};
		B8F8673921F7F7AC003F6DE3 /* Frameworks */ = {
			isa = PBXFrameworksBuildPhase;
			buildActionMask = 2147483647;
			files = (
				FF9DA485D1DF83BBDD7073A9 /* Pods_Mesh_ChatTests.framework in Frameworks */,
			);
			runOnlyForDeploymentPostprocessing = 0;
		};
/* End PBXFrameworksBuildPhase section */

/* Begin PBXGroup section */
		0EFDD9143327C8962DEEE2E6 /* Frameworks */ = {
			isa = PBXGroup;
			children = (
				5A945CA4A33CC393BD021D96 /* Pods_Mesh_Chat.framework */,
				53E25C2413A372375F6E3E49 /* Pods_Mesh_ChatTests.framework */,
			);
			name = Frameworks;
			sourceTree = "<group>";
		};
		7C81E35F16477EEC660923F4 /* Pods */ = {
			isa = PBXGroup;
			children = (
				52A7614247B56F521660ED72 /* Pods-Mesh Chat.debug.xcconfig */,
				08CAD1F9F6D16B823349908B /* Pods-Mesh Chat.release.xcconfig */,
				C10F850392BAA584E75700DD /* Pods-Mesh ChatTests.debug.xcconfig */,
				416BA20D16CB5CBE4BFC14BD /* Pods-Mesh ChatTests.release.xcconfig */,
			);
			name = Pods;
			sourceTree = "<group>";
		};
		B8F8671F21F7F7AA003F6DE3 = {
			isa = PBXGroup;
			children = (
				B8F8672A21F7F7AA003F6DE3 /* Mesh Chat */,
				B8F8673F21F7F7AC003F6DE3 /* Mesh ChatTests */,
				B8F8672921F7F7AA003F6DE3 /* Products */,
				7C81E35F16477EEC660923F4 /* Pods */,
				0EFDD9143327C8962DEEE2E6 /* Frameworks */,
			);
			sourceTree = "<group>";
		};
		B8F8672921F7F7AA003F6DE3 /* Products */ = {
			isa = PBXGroup;
			children = (
				B8F8672821F7F7AA003F6DE3 /* Mesh Chat.app */,
				B8F8673C21F7F7AC003F6DE3 /* Mesh ChatTests.xctest */,
			);
			name = Products;
			sourceTree = "<group>";
		};
		B8F8672A21F7F7AA003F6DE3 /* Mesh Chat */ = {
			isa = PBXGroup;
			children = (
				F154BB02220E501C001B8691 /* RDPLayer */,
				B8F867B221FFCF73003F6DE3 /* BLELinkLayer */,
				B8F8672B21F7F7AA003F6DE3 /* AppDelegate.swift */,
				B8F8672D21F7F7AA003F6DE3 /* ViewController.swift */,
				B8F8672F21F7F7AA003F6DE3 /* Main.storyboard */,
				DE3538C822038D3500BAC216 /* ConversationListViewController.swift */,
				B8F8673221F7F7AB003F6DE3 /* Assets.xcassets */,
				B8F8673421F7F7AB003F6DE3 /* LaunchScreen.storyboard */,
				B8F8673721F7F7AB003F6DE3 /* Info.plist */,
				DE32871B2205107C00749231 /* ChatViewController.swift */,
				DE32871D22051B4100749231 /* Message.swift */,
			);
			path = "Mesh Chat";
			sourceTree = "<group>";
		};
		B8F8673F21F7F7AC003F6DE3 /* Mesh ChatTests */ = {
			isa = PBXGroup;
			children = (
				B8F8674021F7F7AC003F6DE3 /* Mesh_ChatTests.swift */,
				B8F8674221F7F7AC003F6DE3 /* Info.plist */,
			);
			path = "Mesh ChatTests";
			sourceTree = "<group>";
		};
		B8F867B221FFCF73003F6DE3 /* BLELinkLayer */ = {
			isa = PBXGroup;
			children = (
				B8F8675B21FA809A003F6DE3 /* BLEServer.swift */,
				B8F867B321FFCF96003F6DE3 /* DirectPeer.swift */,
			);
			path = BLELinkLayer;
			sourceTree = "<group>";
		};
		F154BB02220E501C001B8691 /* RDPLayer */ = {
			isa = PBXGroup;
			children = (
				F154BB06220E5028001B8691 /* crc32_simple.c */,
				F154BB04220E5028001B8691 /* crc32_simple.h */,
				F154BB08220E5028001B8691 /* RDPLayer.h */,
				F154BB07220E5028001B8691 /* RDPLayer.m */,
				F154BB0B220E5028001B8691 /* RDPLayerRemoteHost.h */,
				F154BB05220E5028001B8691 /* RDPLayerRemoteHost.m */,
				F154BB09220E5028001B8691 /* RDPPacket.h */,
				F154BB0A220E5028001B8691 /* RDPPacket.m */,
				F154BB03220E5027001B8691 /* Mesh Chat-Bridging-Header.h */,
			);
			path = RDPLayer;
			sourceTree = "<group>";
		};
/* End PBXGroup section */

/* Begin PBXNativeTarget section */
		B8F8672721F7F7AA003F6DE3 /* Mesh Chat */ = {
			isa = PBXNativeTarget;
			buildConfigurationList = B8F8674521F7F7AC003F6DE3 /* Build configuration list for PBXNativeTarget "Mesh Chat" */;
			buildPhases = (
				439115C572EA0A7EB419B62D /* [CP] Check Pods Manifest.lock */,
				B8F8672421F7F7AA003F6DE3 /* Sources */,
				B8F8672521F7F7AA003F6DE3 /* Frameworks */,
				B8F8672621F7F7AA003F6DE3 /* Resources */,
				6ACDF4AF1DE3471AF4715328 /* [CP] Embed Pods Frameworks */,
			);
			buildRules = (
			);
			dependencies = (
			);
			name = "Mesh Chat";
			productName = "Mesh Chat";
			productReference = B8F8672821F7F7AA003F6DE3 /* Mesh Chat.app */;
			productType = "com.apple.product-type.application";
		};
		B8F8673B21F7F7AC003F6DE3 /* Mesh ChatTests */ = {
			isa = PBXNativeTarget;
			buildConfigurationList = B8F8674821F7F7AC003F6DE3 /* Build configuration list for PBXNativeTarget "Mesh ChatTests" */;
			buildPhases = (
				328F39B565E7E6D2B8216EA2 /* [CP] Check Pods Manifest.lock */,
				B8F8673821F7F7AC003F6DE3 /* Sources */,
				B8F8673921F7F7AC003F6DE3 /* Frameworks */,
				B8F8673A21F7F7AC003F6DE3 /* Resources */,
			);
			buildRules = (
			);
			dependencies = (
				B8F8673E21F7F7AC003F6DE3 /* PBXTargetDependency */,
			);
			name = "Mesh ChatTests";
			productName = "Mesh ChatTests";
			productReference = B8F8673C21F7F7AC003F6DE3 /* Mesh ChatTests.xctest */;
			productType = "com.apple.product-type.bundle.unit-test";
		};
/* End PBXNativeTarget section */

/* Begin PBXProject section */
		B8F8672021F7F7AA003F6DE3 /* Project object */ = {
			isa = PBXProject;
			attributes = {
				LastSwiftUpdateCheck = 1010;
				LastUpgradeCheck = 1010;
				ORGANIZATIONNAME = cs176b;
				TargetAttributes = {
					B8F8672721F7F7AA003F6DE3 = {
						CreatedOnToolsVersion = 10.1;
						LastSwiftMigration = 1010;
					};
					B8F8673B21F7F7AC003F6DE3 = {
						CreatedOnToolsVersion = 10.1;
						TestTargetID = B8F8672721F7F7AA003F6DE3;
					};
				};
			};
			buildConfigurationList = B8F8672321F7F7AA003F6DE3 /* Build configuration list for PBXProject "Mesh Chat" */;
			compatibilityVersion = "Xcode 9.3";
			developmentRegion = en;
			hasScannedForEncodings = 0;
			knownRegions = (
				en,
				Base,
			);
			mainGroup = B8F8671F21F7F7AA003F6DE3;
			productRefGroup = B8F8672921F7F7AA003F6DE3 /* Products */;
			projectDirPath = "";
			projectRoot = "";
			targets = (
				B8F8672721F7F7AA003F6DE3 /* Mesh Chat */,
				B8F8673B21F7F7AC003F6DE3 /* Mesh ChatTests */,
			);
		};
/* End PBXProject section */

/* Begin PBXResourcesBuildPhase section */
		B8F8672621F7F7AA003F6DE3 /* Resources */ = {
			isa = PBXResourcesBuildPhase;
			buildActionMask = 2147483647;
			files = (
				B8F8673621F7F7AB003F6DE3 /* LaunchScreen.storyboard in Resources */,
				B8F8673321F7F7AB003F6DE3 /* Assets.xcassets in Resources */,
				B8F8673121F7F7AA003F6DE3 /* Main.storyboard in Resources */,
			);
			runOnlyForDeploymentPostprocessing = 0;
		};
		B8F8673A21F7F7AC003F6DE3 /* Resources */ = {
			isa = PBXResourcesBuildPhase;
			buildActionMask = 2147483647;
			files = (
			);
			runOnlyForDeploymentPostprocessing = 0;
		};
/* End PBXResourcesBuildPhase section */

/* Begin PBXShellScriptBuildPhase section */
		328F39B565E7E6D2B8216EA2 /* [CP] Check Pods Manifest.lock */ = {
			isa = PBXShellScriptBuildPhase;
			buildActionMask = 2147483647;
			files = (
			);
			inputFileListPaths = (
			);
			inputPaths = (
				"${PODS_PODFILE_DIR_PATH}/Podfile.lock",
				"${PODS_ROOT}/Manifest.lock",
			);
			name = "[CP] Check Pods Manifest.lock";
			outputFileListPaths = (
			);
			outputPaths = (
				"$(DERIVED_FILE_DIR)/Pods-Mesh ChatTests-checkManifestLockResult.txt",
			);
			runOnlyForDeploymentPostprocessing = 0;
			shellPath = /bin/sh;
			shellScript = "diff \"${PODS_PODFILE_DIR_PATH}/Podfile.lock\" \"${PODS_ROOT}/Manifest.lock\" > /dev/null\nif [ $? != 0 ] ; then\n    # print error to STDERR\n    echo \"error: The sandbox is not in sync with the Podfile.lock. Run 'pod install' or update your CocoaPods installation.\" >&2\n    exit 1\nfi\n# This output is used by Xcode 'outputs' to avoid re-running this script phase.\necho \"SUCCESS\" > \"${SCRIPT_OUTPUT_FILE_0}\"\n";
			showEnvVarsInLog = 0;
		};
		439115C572EA0A7EB419B62D /* [CP] Check Pods Manifest.lock */ = {
			isa = PBXShellScriptBuildPhase;
			buildActionMask = 2147483647;
			files = (
			);
			inputFileListPaths = (
			);
			inputPaths = (
				"${PODS_PODFILE_DIR_PATH}/Podfile.lock",
				"${PODS_ROOT}/Manifest.lock",
			);
			name = "[CP] Check Pods Manifest.lock";
			outputFileListPaths = (
			);
			outputPaths = (
				"$(DERIVED_FILE_DIR)/Pods-Mesh Chat-checkManifestLockResult.txt",
			);
			runOnlyForDeploymentPostprocessing = 0;
			shellPath = /bin/sh;
			shellScript = "diff \"${PODS_PODFILE_DIR_PATH}/Podfile.lock\" \"${PODS_ROOT}/Manifest.lock\" > /dev/null\nif [ $? != 0 ] ; then\n    # print error to STDERR\n    echo \"error: The sandbox is not in sync with the Podfile.lock. Run 'pod install' or update your CocoaPods installation.\" >&2\n    exit 1\nfi\n# This output is used by Xcode 'outputs' to avoid re-running this script phase.\necho \"SUCCESS\" > \"${SCRIPT_OUTPUT_FILE_0}\"\n";
			showEnvVarsInLog = 0;
		};
		6ACDF4AF1DE3471AF4715328 /* [CP] Embed Pods Frameworks */ = {
			isa = PBXShellScriptBuildPhase;
			buildActionMask = 2147483647;
			files = (
			);
			inputFileListPaths = (
			);
			inputPaths = (
				"${SRCROOT}/Pods/Target Support Files/Pods-Mesh Chat/Pods-Mesh Chat-frameworks.sh",
				"${BUILT_PRODUCTS_DIR}/MessageKit/MessageKit.framework",
			);
			name = "[CP] Embed Pods Frameworks";
			outputFileListPaths = (
			);
			outputPaths = (
				"${TARGET_BUILD_DIR}/${FRAMEWORKS_FOLDER_PATH}/MessageKit.framework",
			);
			runOnlyForDeploymentPostprocessing = 0;
			shellPath = /bin/sh;
			shellScript = "\"${SRCROOT}/Pods/Target Support Files/Pods-Mesh Chat/Pods-Mesh Chat-frameworks.sh\"\n";
			showEnvVarsInLog = 0;
		};
/* End PBXShellScriptBuildPhase section */

/* Begin PBXSourcesBuildPhase section */
		B8F8672421F7F7AA003F6DE3 /* Sources */ = {
			isa = PBXSourcesBuildPhase;
			buildActionMask = 2147483647;
			files = (
				B8F8672E21F7F7AA003F6DE3 /* ViewController.swift in Sources */,
				B8F8672C21F7F7AA003F6DE3 /* AppDelegate.swift in Sources */,
				DE32871E22051B4100749231 /* Message.swift in Sources */,
				DE32871C2205107C00749231 /* ChatViewController.swift in Sources */,
				F154BB0E220E5028001B8691 /* RDPLayer.m in Sources */,
				F154BB0D220E5028001B8691 /* crc32_simple.c in Sources */,
				F154BB0C220E5028001B8691 /* RDPLayerRemoteHost.m in Sources */,
				DE3538C922038D3500BAC216 /* ConversationListViewController.swift in Sources */,
				B8F867B421FFCF96003F6DE3 /* DirectPeer.swift in Sources */,
				B8F8675C21FA809A003F6DE3 /* BLEServer.swift in Sources */,
				F154BB0F220E5028001B8691 /* RDPPacket.m in Sources */,
			);
			runOnlyForDeploymentPostprocessing = 0;
		};
		B8F8673821F7F7AC003F6DE3 /* Sources */ = {
			isa = PBXSourcesBuildPhase;
			buildActionMask = 2147483647;
			files = (
				B8F8674121F7F7AC003F6DE3 /* Mesh_ChatTests.swift in Sources */,
			);
			runOnlyForDeploymentPostprocessing = 0;
		};
/* End PBXSourcesBuildPhase section */

/* Begin PBXTargetDependency section */
		B8F8673E21F7F7AC003F6DE3 /* PBXTargetDependency */ = {
			isa = PBXTargetDependency;
			target = B8F8672721F7F7AA003F6DE3 /* Mesh Chat */;
			targetProxy = B8F8673D21F7F7AC003F6DE3 /* PBXContainerItemProxy */;
		};
/* End PBXTargetDependency section */

/* Begin PBXVariantGroup section */
		B8F8672F21F7F7AA003F6DE3 /* Main.storyboard */ = {
			isa = PBXVariantGroup;
			children = (
				B8F8673021F7F7AA003F6DE3 /* Base */,
			);
			name = Main.storyboard;
			sourceTree = "<group>";
		};
		B8F8673421F7F7AB003F6DE3 /* LaunchScreen.storyboard */ = {
			isa = PBXVariantGroup;
			children = (
				B8F8673521F7F7AB003F6DE3 /* Base */,
			);
			name = LaunchScreen.storyboard;
			sourceTree = "<group>";
		};
/* End PBXVariantGroup section */

/* Begin XCBuildConfiguration section */
		B8F8674321F7F7AC003F6DE3 /* Debug */ = {
			isa = XCBuildConfiguration;
			buildSettings = {
				ALWAYS_SEARCH_USER_PATHS = NO;
				CLANG_ANALYZER_NONNULL = YES;
				CLANG_ANALYZER_NUMBER_OBJECT_CONVERSION = YES_AGGRESSIVE;
				CLANG_CXX_LANGUAGE_STANDARD = "gnu++14";
				CLANG_CXX_LIBRARY = "libc++";
				CLANG_ENABLE_MODULES = YES;
				CLANG_ENABLE_OBJC_ARC = YES;
				CLANG_ENABLE_OBJC_WEAK = YES;
				CLANG_WARN_BLOCK_CAPTURE_AUTORELEASING = YES;
				CLANG_WARN_BOOL_CONVERSION = YES;
				CLANG_WARN_COMMA = YES;
				CLANG_WARN_CONSTANT_CONVERSION = YES;
				CLANG_WARN_DEPRECATED_OBJC_IMPLEMENTATIONS = YES;
				CLANG_WARN_DIRECT_OBJC_ISA_USAGE = YES_ERROR;
				CLANG_WARN_DOCUMENTATION_COMMENTS = YES;
				CLANG_WARN_EMPTY_BODY = YES;
				CLANG_WARN_ENUM_CONVERSION = YES;
				CLANG_WARN_INFINITE_RECURSION = YES;
				CLANG_WARN_INT_CONVERSION = YES;
				CLANG_WARN_NON_LITERAL_NULL_CONVERSION = YES;
				CLANG_WARN_OBJC_IMPLICIT_RETAIN_SELF = YES;
				CLANG_WARN_OBJC_LITERAL_CONVERSION = YES;
				CLANG_WARN_OBJC_ROOT_CLASS = YES_ERROR;
				CLANG_WARN_RANGE_LOOP_ANALYSIS = YES;
				CLANG_WARN_STRICT_PROTOTYPES = YES;
				CLANG_WARN_SUSPICIOUS_MOVE = YES;
				CLANG_WARN_UNGUARDED_AVAILABILITY = YES_AGGRESSIVE;
				CLANG_WARN_UNREACHABLE_CODE = YES;
				CLANG_WARN__DUPLICATE_METHOD_MATCH = YES;
				CODE_SIGN_IDENTITY = "iPhone Developer";
				COPY_PHASE_STRIP = NO;
				DEBUG_INFORMATION_FORMAT = dwarf;
				ENABLE_STRICT_OBJC_MSGSEND = YES;
				ENABLE_TESTABILITY = YES;
				GCC_C_LANGUAGE_STANDARD = gnu11;
				GCC_DYNAMIC_NO_PIC = NO;
				GCC_NO_COMMON_BLOCKS = YES;
				GCC_OPTIMIZATION_LEVEL = 0;
				GCC_PREPROCESSOR_DEFINITIONS = (
					"DEBUG=1",
					"$(inherited)",
				);
				GCC_WARN_64_TO_32_BIT_CONVERSION = YES;
				GCC_WARN_ABOUT_RETURN_TYPE = YES_ERROR;
				GCC_WARN_UNDECLARED_SELECTOR = YES;
				GCC_WARN_UNINITIALIZED_AUTOS = YES_AGGRESSIVE;
				GCC_WARN_UNUSED_FUNCTION = YES;
				GCC_WARN_UNUSED_VARIABLE = YES;
				IPHONEOS_DEPLOYMENT_TARGET = 12.1;
				MTL_ENABLE_DEBUG_INFO = INCLUDE_SOURCE;
				MTL_FAST_MATH = YES;
				ONLY_ACTIVE_ARCH = YES;
				SDKROOT = iphoneos;
				SWIFT_ACTIVE_COMPILATION_CONDITIONS = DEBUG;
				SWIFT_OPTIMIZATION_LEVEL = "-Onone";
			};
			name = Debug;
		};
		B8F8674421F7F7AC003F6DE3 /* Release */ = {
			isa = XCBuildConfiguration;
			buildSettings = {
				ALWAYS_SEARCH_USER_PATHS = NO;
				CLANG_ANALYZER_NONNULL = YES;
				CLANG_ANALYZER_NUMBER_OBJECT_CONVERSION = YES_AGGRESSIVE;
				CLANG_CXX_LANGUAGE_STANDARD = "gnu++14";
				CLANG_CXX_LIBRARY = "libc++";
				CLANG_ENABLE_MODULES = YES;
				CLANG_ENABLE_OBJC_ARC = YES;
				CLANG_ENABLE_OBJC_WEAK = YES;
				CLANG_WARN_BLOCK_CAPTURE_AUTORELEASING = YES;
				CLANG_WARN_BOOL_CONVERSION = YES;
				CLANG_WARN_COMMA = YES;
				CLANG_WARN_CONSTANT_CONVERSION = YES;
				CLANG_WARN_DEPRECATED_OBJC_IMPLEMENTATIONS = YES;
				CLANG_WARN_DIRECT_OBJC_ISA_USAGE = YES_ERROR;
				CLANG_WARN_DOCUMENTATION_COMMENTS = YES;
				CLANG_WARN_EMPTY_BODY = YES;
				CLANG_WARN_ENUM_CONVERSION = YES;
				CLANG_WARN_INFINITE_RECURSION = YES;
				CLANG_WARN_INT_CONVERSION = YES;
				CLANG_WARN_NON_LITERAL_NULL_CONVERSION = YES;
				CLANG_WARN_OBJC_IMPLICIT_RETAIN_SELF = YES;
				CLANG_WARN_OBJC_LITERAL_CONVERSION = YES;
				CLANG_WARN_OBJC_ROOT_CLASS = YES_ERROR;
				CLANG_WARN_RANGE_LOOP_ANALYSIS = YES;
				CLANG_WARN_STRICT_PROTOTYPES = YES;
				CLANG_WARN_SUSPICIOUS_MOVE = YES;
				CLANG_WARN_UNGUARDED_AVAILABILITY = YES_AGGRESSIVE;
				CLANG_WARN_UNREACHABLE_CODE = YES;
				CLANG_WARN__DUPLICATE_METHOD_MATCH = YES;
				CODE_SIGN_IDENTITY = "iPhone Developer";
				COPY_PHASE_STRIP = NO;
				DEBUG_INFORMATION_FORMAT = "dwarf-with-dsym";
				ENABLE_NS_ASSERTIONS = NO;
				ENABLE_STRICT_OBJC_MSGSEND = YES;
				GCC_C_LANGUAGE_STANDARD = gnu11;
				GCC_NO_COMMON_BLOCKS = YES;
				GCC_WARN_64_TO_32_BIT_CONVERSION = YES;
				GCC_WARN_ABOUT_RETURN_TYPE = YES_ERROR;
				GCC_WARN_UNDECLARED_SELECTOR = YES;
				GCC_WARN_UNINITIALIZED_AUTOS = YES_AGGRESSIVE;
				GCC_WARN_UNUSED_FUNCTION = YES;
				GCC_WARN_UNUSED_VARIABLE = YES;
				IPHONEOS_DEPLOYMENT_TARGET = 12.1;
				MTL_ENABLE_DEBUG_INFO = NO;
				MTL_FAST_MATH = YES;
				SDKROOT = iphoneos;
				SWIFT_COMPILATION_MODE = wholemodule;
				SWIFT_OPTIMIZATION_LEVEL = "-O";
				VALIDATE_PRODUCT = YES;
			};
			name = Release;
		};
		B8F8674621F7F7AC003F6DE3 /* Debug */ = {
			isa = XCBuildConfiguration;
			baseConfigurationReference = 52A7614247B56F521660ED72 /* Pods-Mesh Chat.debug.xcconfig */;
			buildSettings = {
				ASSETCATALOG_COMPILER_APPICON_NAME = AppIcon;
				CLANG_ENABLE_MODULES = YES;
				CODE_SIGN_STYLE = Automatic;
				DEVELOPMENT_TEAM = TCM49M8P5K;
				INFOPLIST_FILE = "Mesh Chat/Info.plist";
				IPHONEOS_DEPLOYMENT_TARGET = 10.0;
				LD_RUNPATH_SEARCH_PATHS = (
					"$(inherited)",
					"@executable_path/Frameworks",
				);
				PRODUCT_BUNDLE_IDENTIFIER = "com.cs176b.Mesh-Chat";
				PRODUCT_NAME = "$(TARGET_NAME)";
				SWIFT_OBJC_BRIDGING_HEADER = "Mesh Chat/RDPLayer/Mesh Chat-Bridging-Header.h";
				SWIFT_OPTIMIZATION_LEVEL = "-Onone";
				SWIFT_VERSION = 4.2;
				TARGETED_DEVICE_FAMILY = "1,2";
			};
			name = Debug;
		};
		B8F8674721F7F7AC003F6DE3 /* Release */ = {
			isa = XCBuildConfiguration;
			baseConfigurationReference = 08CAD1F9F6D16B823349908B /* Pods-Mesh Chat.release.xcconfig */;
			buildSettings = {
				ASSETCATALOG_COMPILER_APPICON_NAME = AppIcon;
				CLANG_ENABLE_MODULES = YES;
				CODE_SIGN_STYLE = Automatic;
				DEVELOPMENT_TEAM = TCM49M8P5K;
				INFOPLIST_FILE = "Mesh Chat/Info.plist";
				IPHONEOS_DEPLOYMENT_TARGET = 10.0;
				LD_RUNPATH_SEARCH_PATHS = (
					"$(inherited)",
					"@executable_path/Frameworks",
				);
				PRODUCT_BUNDLE_IDENTIFIER = "com.cs176b.Mesh-Chat";
				PRODUCT_NAME = "$(TARGET_NAME)";
				SWIFT_OBJC_BRIDGING_HEADER = "Mesh Chat/RDPLayer/Mesh Chat-Bridging-Header.h";
				SWIFT_VERSION = 4.2;
				TARGETED_DEVICE_FAMILY = "1,2";
			};
			name = Release;
		};
		B8F8674921F7F7AC003F6DE3 /* Debug */ = {
			isa = XCBuildConfiguration;
			baseConfigurationReference = C10F850392BAA584E75700DD /* Pods-Mesh ChatTests.debug.xcconfig */;
			buildSettings = {
				ALWAYS_EMBED_SWIFT_STANDARD_LIBRARIES = YES;
				BUNDLE_LOADER = "$(TEST_HOST)";
				CODE_SIGN_STYLE = Automatic;
				DEVELOPMENT_TEAM = 3BP6E4VS73;
				INFOPLIST_FILE = "Mesh ChatTests/Info.plist";
				LD_RUNPATH_SEARCH_PATHS = (
					"$(inherited)",
					"@executable_path/Frameworks",
					"@loader_path/Frameworks",
				);
				PRODUCT_BUNDLE_IDENTIFIER = "com.cs176b.Mesh-ChatTests";
				PRODUCT_NAME = "$(TARGET_NAME)";
				SWIFT_VERSION = 4.2;
				TARGETED_DEVICE_FAMILY = "1,2";
				TEST_HOST = "$(BUILT_PRODUCTS_DIR)/Mesh Chat.app/Mesh Chat";
			};
			name = Debug;
		};
		B8F8674A21F7F7AC003F6DE3 /* Release */ = {
			isa = XCBuildConfiguration;
			baseConfigurationReference = 416BA20D16CB5CBE4BFC14BD /* Pods-Mesh ChatTests.release.xcconfig */;
			buildSettings = {
				ALWAYS_EMBED_SWIFT_STANDARD_LIBRARIES = YES;
				BUNDLE_LOADER = "$(TEST_HOST)";
				CODE_SIGN_STYLE = Automatic;
				DEVELOPMENT_TEAM = 3BP6E4VS73;
				INFOPLIST_FILE = "Mesh ChatTests/Info.plist";
				LD_RUNPATH_SEARCH_PATHS = (
					"$(inherited)",
					"@executable_path/Frameworks",
					"@loader_path/Frameworks",
				);
				PRODUCT_BUNDLE_IDENTIFIER = "com.cs176b.Mesh-ChatTests";
				PRODUCT_NAME = "$(TARGET_NAME)";
				SWIFT_VERSION = 4.2;
				TARGETED_DEVICE_FAMILY = "1,2";
				TEST_HOST = "$(BUILT_PRODUCTS_DIR)/Mesh Chat.app/Mesh Chat";
			};
			name = Release;
		};
/* End XCBuildConfiguration section */

/* Begin XCConfigurationList section */
		B8F8672321F7F7AA003F6DE3 /* Build configuration list for PBXProject "Mesh Chat" */ = {
			isa = XCConfigurationList;
			buildConfigurations = (
				B8F8674321F7F7AC003F6DE3 /* Debug */,
				B8F8674421F7F7AC003F6DE3 /* Release */,
			);
			defaultConfigurationIsVisible = 0;
			defaultConfigurationName = Release;
		};
		B8F8674521F7F7AC003F6DE3 /* Build configuration list for PBXNativeTarget "Mesh Chat" */ = {
			isa = XCConfigurationList;
			buildConfigurations = (
				B8F8674621F7F7AC003F6DE3 /* Debug */,
				B8F8674721F7F7AC003F6DE3 /* Release */,
			);
			defaultConfigurationIsVisible = 0;
			defaultConfigurationName = Release;
		};
		B8F8674821F7F7AC003F6DE3 /* Build configuration list for PBXNativeTarget "Mesh ChatTests" */ = {
			isa = XCConfigurationList;
			buildConfigurations = (
				B8F8674921F7F7AC003F6DE3 /* Debug */,
				B8F8674A21F7F7AC003F6DE3 /* Release */,
			);
			defaultConfigurationIsVisible = 0;
			defaultConfigurationName = Release;
		};
/* End XCConfigurationList section */
	};
	rootObject = B8F8672021F7F7AA003F6DE3 /* Project object */;
}
